{
  "name": "blogpost-rails",
  "lockfileVersion": 3,
  "requires": true,
  "packages": {
    "": {
      "dependencies": {
        "@rails/actiontext": "^8.0.200",
        "trix": "^2.1.15"
      }
    },
    "node_modules/@rails/actiontext": {
      "version": "8.0.200",
      "resolved": "https://registry.npmjs.org/@rails/actiontext/-/actiontext-8.0.200.tgz",
      "integrity": "sha512-p9SVulDmWKMChQpNYFrRBGa2aIfMSw8vyCRW9bwHzihFB8eAZ1NE6ak88nr037gwurbCBv4UVdnwndtuh2piAA==",
      "license": "MIT",
      "dependencies": {
        "@rails/activestorage": ">= 8.0.0-alpha"
      },
      "peerDependencies": {
        "trix": "^2.0.0"
      }
    },
    "node_modules/@rails/activestorage": {
      "version": "8.0.200",
      "resolved": "https://registry.npmjs.org/@rails/activestorage/-/activestorage-8.0.200.tgz",
      "integrity": "sha512-V7GnZXsAMPDWVOBv4/XpHwj5sOw5bWjidWCuUbK3Zx1xt2pOfFaeJDUG7fEWb1MwP4aW1oVVlGkJBdXVyvru0A==",
      "license": "MIT",
      "dependencies": {
        "spark-md5": "^3.0.1"
      }
    },
    "node_modules/@types/trusted-types": {
      "version": "2.0.7",
      "resolved": "https://registry.npmjs.org/@types/trusted-types/-/trusted-types-2.0.7.tgz",
      "integrity": "sha512-ScaPdn1dQczgbl0QFTeTOmVHFULt394XJgOQNoyVhZ6r2vLnMLJfBPd53SB52T/3G36VI1/g2MZaX0cwDuXsfw==",
      "license": "MIT",
      "optional": true
    },
    "node_modules/dompurify": {
      "version": "3.2.6",
      "resolved": "https://registry.npmjs.org/dompurify/-/dompurify-3.2.6.tgz",
      "integrity": "sha512-/2GogDQlohXPZe6D6NOgQvXLPSYBqIWMnZ8zzOhn09REE4eyAzb+Hed3jhoM9OkuaJ8P6ZGTTVWQKAi8ieIzfQ==",
      "license": "(MPL-2.0 OR Apache-2.0)",
      "optionalDependencies": {
        "@types/trusted-types": "^2.0.7"
      }
    },
    "node_modules/spark-md5": {
      "version": "3.0.2",
      "resolved": "https://registry.npmjs.org/spark-md5/-/spark-md5-3.0.2.tgz",
      "integrity": "sha512-wcFzz9cDfbuqe0FZzfi2or1sgyIrsDwmPwfZC4hiNidPdPINjeUwNfv5kldczoEAcjl9Y1L3SM7Uz2PUEQzxQw==",
      "license": "(WTFPL OR MIT)"
    },
    "node_modules/trix": {
      "version": "2.1.15",
      "resolved": "https://registry.npmjs.org/trix/-/trix-2.1.15.tgz",
      "integrity": "sha512-LoaXWczdTUV8+3Box92B9b1iaDVbxD14dYemZRxi3PwY+AuDm97BUJV2aHLBUFPuDABhxp0wzcbf0CxHCVmXiw==",
      "license": "MIT",
      "dependencies": {
        "dompurify": "^3.2.5"
      }
    }
  }
}
